
Microsoft Visual Studio Solution File, Format Version 12.00
# Visual Studio Version 17
VisualStudioVersion = 17.11.35303.130
MinimumVisualStudioVersion = 10.0.40219.1
Project("{FAE04EC0-301F-11D3-BF4B-00C04F79EFBC}") = "Qtasnim Digital Teknologi", "Qtasnim Digital Teknologi\Qtasnim Digital Teknologi.csproj", "{B41322C6-D363-4C31-8BCA-3F4FE8119D7B}"
EndProject
Global
	GlobalSection(SolutionConfigurationPlatforms) = preSolution
		Debug|Any CPU = Debug|Any CPU
		Release|Any CPU = Release|Any CPU
	EndGlobalSection
	GlobalSection(ProjectConfigurationPlatforms) = postSolution
		{B41322C6-D363-4C31-8BCA-3F4FE8119D7B}.Debug|Any CPU.ActiveCfg = Debug|Any CPU
		{B41322C6-D363-4C31-8BCA-3F4FE8119D7B}.Debug|Any CPU.Build.0 = Debug|Any CPU
		{B41322C6-D363-4C31-8BCA-3F4FE8119D7B}.Release|Any CPU.ActiveCfg = Release|Any CPU
		{B41322C6-D363-4C31-8BCA-3F4FE8119D7B}.Release|Any CPU.Build.0 = Release|Any CPU
	EndGlobalSection
	GlobalSection(SolutionProperties) = preSolution
		HideSolutionNode = FALSE
	EndGlobalSection
	GlobalSection(ExtensibilityGlobals) = postSolution
		SolutionGuid = {2E2B9F96-5F02-4B10-9F4A-3FE317493E4C}
	EndGlobalSection
EndGlobal
