
Microsoft Visual Studio Solution File, Format Version 12.00
# Visual Studio Version 17
VisualStudioVersion = 17.11.35303.130
MinimumVisualStudioVersion = 10.0.40219.1
Project("{FAE04EC0-301F-11D3-BF4B-00C04F79EFBC}") = "A. Coding Competency Test", "A. Coding Competency Test\A. Coding Competency Test.csproj", "{C832CAF8-4707-48A4-970A-5FE9181C3C07}"
EndProject
Global
	GlobalSection(SolutionConfigurationPlatforms) = preSolution
		Debug|Any CPU = Debug|Any CPU
		Release|Any CPU = Release|Any CPU
	EndGlobalSection
	GlobalSection(ProjectConfigurationPlatforms) = postSolution
		{C832CAF8-4707-48A4-970A-5FE9181C3C07}.Debug|Any CPU.ActiveCfg = Debug|Any CPU
		{C832CAF8-4707-48A4-970A-5FE9181C3C07}.Debug|Any CPU.Build.0 = Debug|Any CPU
		{C832CAF8-4707-48A4-970A-5FE9181C3C07}.Release|Any CPU.ActiveCfg = Release|Any CPU
		{C832CAF8-4707-48A4-970A-5FE9181C3C07}.Release|Any CPU.Build.0 = Release|Any CPU
	EndGlobalSection
	GlobalSection(SolutionProperties) = preSolution
		HideSolutionNode = FALSE
	EndGlobalSection
	GlobalSection(ExtensibilityGlobals) = postSolution
		SolutionGuid = {26B45423-2D67-4675-B2FE-6B407885A94E}
	EndGlobalSection
EndGlobal
